
Microsoft Visual Studio Solution File, Format Version 12.00
# Visual Studio Version 17
VisualStudioVersion = 17.13.35825.156 d17.13
MinimumVisualStudioVersion = 10.0.40219.1
Project("{888888A0-9F3D-457C-B088-3A5042F75D52}") = "ui design", "ui design.pyproj", "{9F3275FF-909F-42D9-A840-98E34CE7ED34}"
EndProject
Global
	GlobalSection(SolutionConfigurationPlatforms) = preSolution
		Debug|Any CPU = Debug|Any CPU
		Release|Any CPU = Release|Any CPU
	EndGlobalSection
	GlobalSection(ProjectConfigurationPlatforms) = postSolution
		{9F3275FF-909F-42D9-A840-98E34CE7ED34}.Debug|Any CPU.ActiveCfg = Debug|Any CPU
		{9F3275FF-909F-42D9-A840-98E34CE7ED34}.Debug|Any CPU.Build.0 = Debug|Any CPU
		{9F3275FF-909F-42D9-A840-98E34CE7ED34}.Release|Any CPU.ActiveCfg = Release|Any CPU
		{9F3275FF-909F-42D9-A840-98E34CE7ED34}.Release|Any CPU.Build.0 = Release|Any CPU
	EndGlobalSection
	GlobalSection(SolutionProperties) = preSolution
		HideSolutionNode = FALSE
	EndGlobalSection
	GlobalSection(ExtensibilityGlobals) = postSolution
		SolutionGuid = {DA6770B8-429C-49F6-A607-427166476E45}
	EndGlobalSection
EndGlobal
